
Microsoft Visual Studio Solution File, Format Version 12.00
# Visual Studio Version 17
VisualStudioVersion = 17.7.34031.279
MinimumVisualStudioVersion = 10.0.40219.1
Project("{FAE04EC0-301F-11D3-BF4B-00C04F79EFBC}") = "MyCryptography", "MyCryptography.csproj", "{93625A8C-0545-4554-A4DA-FF267A27A170}"
EndProject
Project("{FAE04EC0-301F-11D3-BF4B-00C04F79EFBC}") = "CaesarsCipher", "..\CaesarsCipher\CaesarsCipher.csproj", "{EF0021E1-07B9-4149-A7EC-AB3F713A22A5}"
EndProject
Global
	GlobalSection(SolutionConfigurationPlatforms) = preSolution
		Debug|Any CPU = Debug|Any CPU
		Release|Any CPU = Release|Any CPU
	EndGlobalSection
	GlobalSection(ProjectConfigurationPlatforms) = postSolution
		{93625A8C-0545-4554-A4DA-FF267A27A170}.Debug|Any CPU.ActiveCfg = Debug|Any CPU
		{93625A8C-0545-4554-A4DA-FF267A27A170}.Debug|Any CPU.Build.0 = Debug|Any CPU
		{93625A8C-0545-4554-A4DA-FF267A27A170}.Release|Any CPU.ActiveCfg = Release|Any CPU
		{93625A8C-0545-4554-A4DA-FF267A27A170}.Release|Any CPU.Build.0 = Release|Any CPU
		{EF0021E1-07B9-4149-A7EC-AB3F713A22A5}.Debug|Any CPU.ActiveCfg = Debug|Any CPU
		{EF0021E1-07B9-4149-A7EC-AB3F713A22A5}.Debug|Any CPU.Build.0 = Debug|Any CPU
		{EF0021E1-07B9-4149-A7EC-AB3F713A22A5}.Release|Any CPU.ActiveCfg = Release|Any CPU
		{EF0021E1-07B9-4149-A7EC-AB3F713A22A5}.Release|Any CPU.Build.0 = Release|Any CPU
	EndGlobalSection
	GlobalSection(SolutionProperties) = preSolution
		HideSolutionNode = FALSE
	EndGlobalSection
	GlobalSection(ExtensibilityGlobals) = postSolution
		SolutionGuid = {B6F48A77-928C-4B5D-9AD0-5D96CCD4AAF3}
	EndGlobalSection
EndGlobal
